
Microsoft Visual Studio Solution File, Format Version 12.00
# Visual Studio Version 16
VisualStudioVersion = 16.0.30413.136
MinimumVisualStudioVersion = 10.0.40219.1
Project("{FAE04EC0-301F-11D3-BF4B-00C04F79EFBC}") = "Lab7_2", "Lab7_2\Lab7_2.csproj", "{74B9E396-4403-4251-887A-C05DA9A41291}"
EndProject
Global
	GlobalSection(SolutionConfigurationPlatforms) = preSolution
		Debug|Any CPU = Debug|Any CPU
		Release|Any CPU = Release|Any CPU
	EndGlobalSection
	GlobalSection(ProjectConfigurationPlatforms) = postSolution
		{74B9E396-4403-4251-887A-C05DA9A41291}.Debug|Any CPU.ActiveCfg = Debug|Any CPU
		{74B9E396-4403-4251-887A-C05DA9A41291}.Debug|Any CPU.Build.0 = Debug|Any CPU
		{74B9E396-4403-4251-887A-C05DA9A41291}.Release|Any CPU.ActiveCfg = Release|Any CPU
		{74B9E396-4403-4251-887A-C05DA9A41291}.Release|Any CPU.Build.0 = Release|Any CPU
	EndGlobalSection
	GlobalSection(SolutionProperties) = preSolution
		HideSolutionNode = FALSE
	EndGlobalSection
	GlobalSection(ExtensibilityGlobals) = postSolution
		SolutionGuid = {32318BD1-AB3B-4FBD-BBB0-DBFAA538E24C}
	EndGlobalSection
EndGlobal
